# THIS IS AN AUTOGENERATED FILE. DO NOT EDIT THIS FILE DIRECTLY.
# yarn lockfile v1


"@opam-alpha/base-native-int63@*":
  version "0.1.0"
  resolved "@opam-alpha/base-native-int63@0.1.0"
  dependencies:
    opam-installer-bin esy-ocaml/opam-installer-bin
    substs esy-ocaml/substs
  peerDependencies:
    ocaml "*"

"@opam-alpha/base-num@*":
  version "0.0.0-base"
  resolved "@opam-alpha/base-num@0.0.0-base"
  dependencies:
    opam-installer-bin esy-ocaml/opam-installer-bin
    substs esy-ocaml/substs
  peerDependencies:
    ocaml " < 4.6.0"

"@opam-alpha/base-unix@*":
  version "0.0.0-base"
  resolved "@opam-alpha/base-unix@0.0.0-base"
  dependencies:
    opam-installer-bin esy-ocaml/opam-installer-bin
    substs esy-ocaml/substs
  peerDependencies:
    ocaml "*"

"@opam-alpha/base@ >= 0.9.0  < 0.10.0", "@opam-alpha/base@*":
  version "0.9.3"
  resolved "@opam-alpha/base@0.9.3"
  dependencies:
    "@opam-alpha/base-native-int63" "*"
    "@opam-alpha/jbuilder" "  >= 1.0.0-beta7"
    "@opam-alpha/sexplib" " >= 0.9.1  < 0.10.0"
    opam-installer-bin esy-ocaml/opam-installer-bin
    substs esy-ocaml/substs
  peerDependencies:
    ocaml " >= 4.3.0"

"@opam-alpha/cmdliner@*":
  version "1.0.2"
  resolved "@opam-alpha/cmdliner@1.0.2"
  dependencies:
    "@opam-alpha/ocamlbuild" ""
    "@opam-alpha/ocamlfind" ""
    "@opam-alpha/result" "*"
    "@opam-alpha/topkg" ""
    opam-installer-bin esy-ocaml/opam-installer-bin
    substs esy-ocaml/substs
  peerDependencies:
    ocaml " >= 4.1.0"

"@opam-alpha/conf-m4@":
  version "1.0.0"
  resolved "@opam-alpha/conf-m4@1.0.0"
  dependencies:
    opam-installer-bin esy-ocaml/opam-installer-bin
    substs esy-ocaml/substs
  peerDependencies:
    ocaml "*"

"@opam-alpha/jbuilder@", "@opam-alpha/jbuilder@  >= 1.0.0-beta10", "@opam-alpha/jbuilder@  >= 1.0.0-beta4", "@opam-alpha/jbuilder@  >= 1.0.0-beta7":
  version "1.0.0-beta14"
  resolved "@opam-alpha/jbuilder@1.0.0-beta14"
  dependencies:
    "@opam-alpha/ocamlfind" ""
    opam-installer-bin esy-ocaml/opam-installer-bin
    substs esy-ocaml/substs
  peerDependencies:
    ocaml " >= 4.2.3"

"@opam-alpha/num@*":
  version "0.0.0"
  resolved "@opam-alpha/num@0.0.0"
  dependencies:
    "@opam-alpha/base-num" "*"
    opam-installer-bin esy-ocaml/opam-installer-bin
    substs esy-ocaml/substs
  peerDependencies:
    ocaml " < 4.6.0"

"@opam-alpha/ocaml-migrate-parsetree@ >= 1.0.5":
  version "1.0.6"
  resolved "@opam-alpha/ocaml-migrate-parsetree@1.0.6"
  dependencies:
    "@opam-alpha/jbuilder" "  >= 1.0.0-beta10"
    "@opam-alpha/ocamlfind" ""
    "@opam-alpha/result" "*"
    opam-installer-bin esy-ocaml/opam-installer-bin
    substs esy-ocaml/substs
  peerDependencies:
    ocaml " >= 4.2.0"

"@opam-alpha/ocamlbuild@", "@opam-alpha/ocamlbuild@*", "@opam-alpha/ocamlbuild@esy-ocaml/ocamlbuild#0.11.0-esy":
  version "0.11.0-esy"
  resolved "https://codeload.github.com/esy-ocaml/ocamlbuild/tar.gz/90f11299fca1944a835b4c4ef8b6a45b912fa1b7"
  dependencies:
    opam-installer-bin esy-ocaml/opam-installer-bin
    substs esy-ocaml/substs
  peerDependencies:
    ocaml " >= 4.3.0"

"@opam-alpha/ocamlfind@", "@opam-alpha/ocamlfind@  >= 1.6.1":
  version "1.7.3"
  uid d3043513b9566ebfbc6f5816e84a491a16890977cf85bdbdb241130103df85a4fe069af571ba35ba0f14c659ba033363af1ad3cf74b7e4023a2289d409d34475
  resolved "@opam-alpha/ocamlfind@1.7.3"
  dependencies:
    "@opam-alpha/conf-m4" ""
    opam-installer-bin esy-ocaml/opam-installer-bin
    substs esy-ocaml/substs
  peerDependencies:
    ocaml " >= 3.12.0"

"@opam-alpha/result@*":
  version "1.2.0"
  resolved "@opam-alpha/result@1.2.0"
  dependencies:
    opam-installer-bin esy-ocaml/opam-installer-bin
    substs esy-ocaml/substs
  peerDependencies:
    ocaml "*"

"@opam-alpha/sexplib@ >= 0.9.1  < 0.10.0":
  version "0.9.2"
  resolved "@opam-alpha/sexplib@0.9.2"
  dependencies:
    "@opam-alpha/jbuilder" "  >= 1.0.0-beta10"
    "@opam-alpha/num" "*"
    opam-installer-bin esy-ocaml/opam-installer-bin
    substs esy-ocaml/substs
  peerDependencies:
    ocaml " >= 4.3.0"

"@opam-alpha/stdio@*":
  version "0.9.0"
  resolved "@opam-alpha/stdio@0.9.0"
  dependencies:
    "@opam-alpha/base" " >= 0.9.0  < 0.10.0"
    "@opam-alpha/jbuilder" "  >= 1.0.0-beta4"
    opam-installer-bin esy-ocaml/opam-installer-bin
    substs esy-ocaml/substs
  peerDependencies:
    ocaml " >= 4.3.0"

"@opam-alpha/topkg@":
  version "0.9.1"
  resolved "@opam-alpha/topkg@0.9.1"
  dependencies:
    "@opam-alpha/ocamlbuild" "*"
    "@opam-alpha/ocamlfind" "  >= 1.6.1"
    "@opam-alpha/result" "*"
    opam-installer-bin esy-ocaml/opam-installer-bin
    substs esy-ocaml/substs
  peerDependencies:
    ocaml " >= 4.1.0"

ocaml@esy-ocaml/ocaml#4.4.2+esy:
  version "4.4.2"
  resolved "https://codeload.github.com/esy-ocaml/ocaml/tar.gz/1004082e9a135673d64a22e392929ad51fc4b3ef"

opam-installer-bin@esy-ocaml/opam-installer-bin:
  version "0.0.0"
  resolved "https://codeload.github.com/esy-ocaml/opam-installer-bin/tar.gz/37d5d7951cc5befd1f124e1abe14b39ba1bdf5a6"

substs@esy-ocaml/substs:
  version "0.0.1"
  resolved "https://codeload.github.com/esy-ocaml/substs/tar.gz/58b2f5fafbd675665a5a46ef3d142e8e505d2042"
